// !$*UTF8*$!
{
	archiveVersion = 1;
	classes = {
	};
	objectVersion = 48;
	objects = {

/* Begin PBXBuildFile section */
		AD835050204C7CDA00949878 /* AppDelegate.swift in Sources */ = {isa = PBXBuildFile; fileRef = AD83504F204C7CDA00949878 /* AppDelegate.swift */; };
		AD835052204C7CDA00949878 /* CameraViewController.swift in Sources */ = {isa = PBXBuildFile; fileRef = AD835051204C7CDA00949878 /* CameraViewController.swift */; };
		AD835055204C7CDA00949878 /* Main.storyboard in Resources */ = {isa = PBXBuildFile; fileRef = AD835053204C7CDA00949878 /* Main.storyboard */; };
		AD835057204C7CDA00949878 /* Assets.xcassets in Resources */ = {isa = PBXBuildFile; fileRef = AD835056204C7CDA00949878 /* Assets.xcassets */; };
		AD83505A204C7CDA00949878 /* LaunchScreen.storyboard in Resources */ = {isa = PBXBuildFile; fileRef = AD835058204C7CDA00949878 /* LaunchScreen.storyboard */; };
		AD835062204C7E4200949878 /* Inceptionv3.mlmodel in Sources */ = {isa = PBXBuildFile; fileRef = AD835061204C7E4200949878 /* Inceptionv3.mlmodel */; };
		AD835065204C801E00949878 /* VideoCapture.swift in Sources */ = {isa = PBXBuildFile; fileRef = AD835064204C801E00949878 /* VideoCapture.swift */; };
		AD835067204C804D00949878 /* CameraType.swift in Sources */ = {isa = PBXBuildFile; fileRef = AD835066204C804D00949878 /* CameraType.swift */; };
		AD835069204C80FD00949878 /* AVCaptureDeviceExtension.swift in Sources */ = {isa = PBXBuildFile; fileRef = AD835068204C80FD00949878 /* AVCaptureDeviceExtension.swift */; };
		AD83506B204C86A200949878 /* MainViewController.swift in Sources */ = {isa = PBXBuildFile; fileRef = AD83506A204C86A200949878 /* MainViewController.swift */; };
/* End PBXBuildFile section */

/* Begin PBXFileReference section */
		AD83504C204C7CDA00949878 /* CoreMLDemo.app */ = {isa = PBXFileReference; explicitFileType = wrapper.application; includeInIndex = 0; path = CoreMLDemo.app; sourceTree = BUILT_PRODUCTS_DIR; };
		AD83504F204C7CDA00949878 /* AppDelegate.swift */ = {isa = PBXFileReference; lastKnownFileType = sourcecode.swift; path = AppDelegate.swift; sourceTree = "<group>"; };
		AD835051204C7CDA00949878 /* CameraViewController.swift */ = {isa = PBXFileReference; lastKnownFileType = sourcecode.swift; path = CameraViewController.swift; sourceTree = "<group>"; };
		AD835054204C7CDA00949878 /* Base */ = {isa = PBXFileReference; lastKnownFileType = file.storyboard; name = Base; path = Base.lproj/Main.storyboard; sourceTree = "<group>"; };
		AD835056204C7CDA00949878 /* Assets.xcassets */ = {isa = PBXFileReference; lastKnownFileType = folder.assetcatalog; path = Assets.xcassets; sourceTree = "<group>"; };
		AD835059204C7CDA00949878 /* Base */ = {isa = PBXFileReference; lastKnownFileType = file.storyboard; name = Base; path = Base.lproj/LaunchScreen.storyboard; sourceTree = "<group>"; };
		AD83505B204C7CDA00949878 /* Info.plist */ = {isa = PBXFileReference; lastKnownFileType = text.plist.xml; path = Info.plist; sourceTree = "<group>"; };
		AD835061204C7E4200949878 /* Inceptionv3.mlmodel */ = {isa = PBXFileReference; lastKnownFileType = file.mlmodel; path = Inceptionv3.mlmodel; sourceTree = "<group>"; };
		AD835064204C801E00949878 /* VideoCapture.swift */ = {isa = PBXFileReference; lastKnownFileType = sourcecode.swift; path = VideoCapture.swift; sourceTree = "<group>"; };
		AD835066204C804D00949878 /* CameraType.swift */ = {isa = PBXFileReference; lastKnownFileType = sourcecode.swift; path = CameraType.swift; sourceTree = "<group>"; };
		AD835068204C80FD00949878 /* AVCaptureDeviceExtension.swift */ = {isa = PBXFileReference; lastKnownFileType = sourcecode.swift; path = AVCaptureDeviceExtension.swift; sourceTree = "<group>"; };
		AD83506A204C86A200949878 /* MainViewController.swift */ = {isa = PBXFileReference; lastKnownFileType = sourcecode.swift; path = MainViewController.swift; sourceTree = "<group>"; };
/* End PBXFileReference section */

/* Begin PBXFrameworksBuildPhase section */
		AD835049204C7CDA00949878 /* Frameworks */ = {
			isa = PBXFrameworksBuildPhase;
			buildActionMask = 2147483647;
			files = (
			);
			runOnlyForDeploymentPostprocessing = 0;
		};
/* End PBXFrameworksBuildPhase section */

/* Begin PBXGroup section */
		AD835043204C7CDA00949878 = {
			isa = PBXGroup;
			children = (
				AD83504E204C7CDA00949878 /* CoreMLDemo */,
				AD83504D204C7CDA00949878 /* Products */,
			);
			sourceTree = "<group>";
		};
		AD83504D204C7CDA00949878 /* Products */ = {
			isa = PBXGroup;
			children = (
				AD83504C204C7CDA00949878 /* CoreMLDemo.app */,
			);
			name = Products;
			sourceTree = "<group>";
		};
		AD83504E204C7CDA00949878 /* CoreMLDemo */ = {
			isa = PBXGroup;
			children = (
				AD83504F204C7CDA00949878 /* AppDelegate.swift */,
				AD83506A204C86A200949878 /* MainViewController.swift */,
				AD835051204C7CDA00949878 /* CameraViewController.swift */,
				AD835063204C7FB900949878 /* VideoCapture */,
				AD835053204C7CDA00949878 /* Main.storyboard */,
				AD835056204C7CDA00949878 /* Assets.xcassets */,
				AD835061204C7E4200949878 /* Inceptionv3.mlmodel */,
				AD835058204C7CDA00949878 /* LaunchScreen.storyboard */,
				AD83505B204C7CDA00949878 /* Info.plist */,
			);
			path = CoreMLDemo;
			sourceTree = "<group>";
		};
		AD835063204C7FB900949878 /* VideoCapture */ = {
			isa = PBXGroup;
			children = (
				AD835064204C801E00949878 /* VideoCapture.swift */,
				AD835066204C804D00949878 /* CameraType.swift */,
				AD835068204C80FD00949878 /* AVCaptureDeviceExtension.swift */,
			);
			path = VideoCapture;
			sourceTree = "<group>";
		};
/* End PBXGroup section */

/* Begin PBXNativeTarget section */
		AD83504B204C7CDA00949878 /* CoreMLDemo */ = {
			isa = PBXNativeTarget;
			buildConfigurationList = AD83505E204C7CDA00949878 /* Build configuration list for PBXNativeTarget "CoreMLDemo" */;
			buildPhases = (
				AD835048204C7CDA00949878 /* Sources */,
				AD835049204C7CDA00949878 /* Frameworks */,
				AD83504A204C7CDA00949878 /* Resources */,
			);
			buildRules = (
			);
			dependencies = (
			);
			name = CoreMLDemo;
			productName = CoreMLDemo;
			productReference = AD83504C204C7CDA00949878 /* CoreMLDemo.app */;
			productType = "com.apple.product-type.application";
		};
/* End PBXNativeTarget section */

/* Begin PBXProject section */
		AD835044204C7CDA00949878 /* Project object */ = {
			isa = PBXProject;
			attributes = {
				LastSwiftUpdateCheck = 0920;
				LastUpgradeCheck = 0920;
				ORGANIZATIONNAME = "Hugues Stéphano TELOLAHY";
				TargetAttributes = {
					AD83504B204C7CDA00949878 = {
						CreatedOnToolsVersion = 9.2;
						ProvisioningStyle = Manual;
					};
				};
			};
			buildConfigurationList = AD835047204C7CDA00949878 /* Build configuration list for PBXProject "CoreMLDemo" */;
			compatibilityVersion = "Xcode 8.0";
			developmentRegion = en;
			hasScannedForEncodings = 0;
			knownRegions = (
				en,
				Base,
			);
			mainGroup = AD835043204C7CDA00949878;
			productRefGroup = AD83504D204C7CDA00949878 /* Products */;
			projectDirPath = "";
			projectRoot = "";
			targets = (
				AD83504B204C7CDA00949878 /* CoreMLDemo */,
			);
		};
/* End PBXProject section */

/* Begin PBXResourcesBuildPhase section */
		AD83504A204C7CDA00949878 /* Resources */ = {
			isa = PBXResourcesBuildPhase;
			buildActionMask = 2147483647;
			files = (
				AD83505A204C7CDA00949878 /* LaunchScreen.storyboard in Resources */,
				AD835057204C7CDA00949878 /* Assets.xcassets in Resources */,
				AD835055204C7CDA00949878 /* Main.storyboard in Resources */,
			);
			runOnlyForDeploymentPostprocessing = 0;
		};
/* End PBXResourcesBuildPhase section */

/* Begin PBXSourcesBuildPhase section */
		AD835048204C7CDA00949878 /* Sources */ = {
			isa = PBXSourcesBuildPhase;
			buildActionMask = 2147483647;
			files = (
				AD83506B204C86A200949878 /* MainViewController.swift in Sources */,
				AD835065204C801E00949878 /* VideoCapture.swift in Sources */,
				AD835067204C804D00949878 /* CameraType.swift in Sources */,
				AD835052204C7CDA00949878 /* CameraViewController.swift in Sources */,
				AD835069204C80FD00949878 /* AVCaptureDeviceExtension.swift in Sources */,
				AD835062204C7E4200949878 /* Inceptionv3.mlmodel in Sources */,
				AD835050204C7CDA00949878 /* AppDelegate.swift in Sources */,
			);
			runOnlyForDeploymentPostprocessing = 0;
		};
/* End PBXSourcesBuildPhase section */

/* Begin PBXVariantGroup section */
		AD835053204C7CDA00949878 /* Main.storyboard */ = {
			isa = PBXVariantGroup;
			children = (
				AD835054204C7CDA00949878 /* Base */,
			);
			name = Main.storyboard;
			sourceTree = "<group>";
		};
		AD835058204C7CDA00949878 /* LaunchScreen.storyboard */ = {
			isa = PBXVariantGroup;
			children = (
				AD835059204C7CDA00949878 /* Base */,
			);
			name = LaunchScreen.storyboard;
			sourceTree = "<group>";
		};
/* End PBXVariantGroup section */

/* Begin XCBuildConfiguration section */
		AD83505C204C7CDA00949878 /* Debug */ = {
			isa = XCBuildConfiguration;
			buildSettings = {
				ALWAYS_SEARCH_USER_PATHS = NO;
				CLANG_ANALYZER_NONNULL = YES;
				CLANG_ANALYZER_NUMBER_OBJECT_CONVERSION = YES_AGGRESSIVE;
				CLANG_CXX_LANGUAGE_STANDARD = "gnu++14";
				CLANG_CXX_LIBRARY = "libc++";
				CLANG_ENABLE_MODULES = YES;
				CLANG_ENABLE_OBJC_ARC = YES;
				CLANG_WARN_BLOCK_CAPTURE_AUTORELEASING = YES;
				CLANG_WARN_BOOL_CONVERSION = YES;
				CLANG_WARN_COMMA = YES;
				CLANG_WARN_CONSTANT_CONVERSION = YES;
				CLANG_WARN_DIRECT_OBJC_ISA_USAGE = YES_ERROR;
				CLANG_WARN_DOCUMENTATION_COMMENTS = YES;
				CLANG_WARN_EMPTY_BODY = YES;
				CLANG_WARN_ENUM_CONVERSION = YES;
				CLANG_WARN_INFINITE_RECURSION = YES;
				CLANG_WARN_INT_CONVERSION = YES;
				CLANG_WARN_NON_LITERAL_NULL_CONVERSION = YES;
				CLANG_WARN_OBJC_LITERAL_CONVERSION = YES;
				CLANG_WARN_OBJC_ROOT_CLASS = YES_ERROR;
				CLANG_WARN_RANGE_LOOP_ANALYSIS = YES;
				CLANG_WARN_STRICT_PROTOTYPES = YES;
				CLANG_WARN_SUSPICIOUS_MOVE = YES;
				CLANG_WARN_UNGUARDED_AVAILABILITY = YES_AGGRESSIVE;
				CLANG_WARN_UNREACHABLE_CODE = YES;
				CLANG_WARN__DUPLICATE_METHOD_MATCH = YES;
				CODE_SIGN_IDENTITY = "iPhone Developer";
				COPY_PHASE_STRIP = NO;
				DEBUG_INFORMATION_FORMAT = dwarf;
				ENABLE_STRICT_OBJC_MSGSEND = YES;
				ENABLE_TESTABILITY = YES;
				GCC_C_LANGUAGE_STANDARD = gnu11;
				GCC_DYNAMIC_NO_PIC = NO;
				GCC_NO_COMMON_BLOCKS = YES;
				GCC_OPTIMIZATION_LEVEL = 0;
				GCC_PREPROCESSOR_DEFINITIONS = (
					"DEBUG=1",
					"$(inherited)",
				);
				GCC_WARN_64_TO_32_BIT_CONVERSION = YES;
				GCC_WARN_ABOUT_RETURN_TYPE = YES_ERROR;
				GCC_WARN_UNDECLARED_SELECTOR = YES;
				GCC_WARN_UNINITIALIZED_AUTOS = YES_AGGRESSIVE;
				GCC_WARN_UNUSED_FUNCTION = YES;
				GCC_WARN_UNUSED_VARIABLE = YES;
				IPHONEOS_DEPLOYMENT_TARGET = 11.2;
				MTL_ENABLE_DEBUG_INFO = YES;
				ONLY_ACTIVE_ARCH = YES;
				SDKROOT = iphoneos;
				SWIFT_ACTIVE_COMPILATION_CONDITIONS = DEBUG;
				SWIFT_OPTIMIZATION_LEVEL = "-Onone";
			};
			name = Debug;
		};
		AD83505D204C7CDA00949878 /* Release */ = {
			isa = XCBuildConfiguration;
			buildSettings = {
				ALWAYS_SEARCH_USER_PATHS = NO;
				CLANG_ANALYZER_NONNULL = YES;
				CLANG_ANALYZER_NUMBER_OBJECT_CONVERSION = YES_AGGRESSIVE;
				CLANG_CXX_LANGUAGE_STANDARD = "gnu++14";
				CLANG_CXX_LIBRARY = "libc++";
				CLANG_ENABLE_MODULES = YES;
				CLANG_ENABLE_OBJC_ARC = YES;
				CLANG_WARN_BLOCK_CAPTURE_AUTORELEASING = YES;
				CLANG_WARN_BOOL_CONVERSION = YES;
				CLANG_WARN_COMMA = YES;
				CLANG_WARN_CONSTANT_CONVERSION = YES;
				CLANG_WARN_DIRECT_OBJC_ISA_USAGE = YES_ERROR;
				CLANG_WARN_DOCUMENTATION_COMMENTS = YES;
				CLANG_WARN_EMPTY_BODY = YES;
				CLANG_WARN_ENUM_CONVERSION = YES;
				CLANG_WARN_INFINITE_RECURSION = YES;
				CLANG_WARN_INT_CONVERSION = YES;
				CLANG_WARN_NON_LITERAL_NULL_CONVERSION = YES;
				CLANG_WARN_OBJC_LITERAL_CONVERSION = YES;
				CLANG_WARN_OBJC_ROOT_CLASS = YES_ERROR;
				CLANG_WARN_RANGE_LOOP_ANALYSIS = YES;
				CLANG_WARN_STRICT_PROTOTYPES = YES;
				CLANG_WARN_SUSPICIOUS_MOVE = YES;
				CLANG_WARN_UNGUARDED_AVAILABILITY = YES_AGGRESSIVE;
				CLANG_WARN_UNREACHABLE_CODE = YES;
				CLANG_WARN__DUPLICATE_METHOD_MATCH = YES;
				CODE_SIGN_IDENTITY = "iPhone Developer";
				COPY_PHASE_STRIP = NO;
				DEBUG_INFORMATION_FORMAT = "dwarf-with-dsym";
				ENABLE_NS_ASSERTIONS = NO;
				ENABLE_STRICT_OBJC_MSGSEND = YES;
				GCC_C_LANGUAGE_STANDARD = gnu11;
				GCC_NO_COMMON_BLOCKS = YES;
				GCC_WARN_64_TO_32_BIT_CONVERSION = YES;
				GCC_WARN_ABOUT_RETURN_TYPE = YES_ERROR;
				GCC_WARN_UNDECLARED_SELECTOR = YES;
				GCC_WARN_UNINITIALIZED_AUTOS = YES_AGGRESSIVE;
				GCC_WARN_UNUSED_FUNCTION = YES;
				GCC_WARN_UNUSED_VARIABLE = YES;
				IPHONEOS_DEPLOYMENT_TARGET = 11.2;
				MTL_ENABLE_DEBUG_INFO = NO;
				SDKROOT = iphoneos;
				SWIFT_OPTIMIZATION_LEVEL = "-Owholemodule";
				VALIDATE_PRODUCT = YES;
			};
			name = Release;
		};
		AD83505F204C7CDA00949878 /* Debug */ = {
			isa = XCBuildConfiguration;
			buildSettings = {
				ASSETCATALOG_COMPILER_APPICON_NAME = AppIcon;
				CODE_SIGN_STYLE = Manual;
				DEVELOPMENT_TEAM = "";
				INFOPLIST_FILE = CoreMLDemo/Info.plist;
				IPHONEOS_DEPLOYMENT_TARGET = 11.0;
				LD_RUNPATH_SEARCH_PATHS = "$(inherited) @executable_path/Frameworks";
				PRODUCT_BUNDLE_IDENTIFIER = com.creativegames.CoreMLDemo;
				PRODUCT_NAME = "$(TARGET_NAME)";
				PROVISIONING_PROFILE_SPECIFIER = "";
				SWIFT_VERSION = 4.0;
				TARGETED_DEVICE_FAMILY = "1,2";
			};
			name = Debug;
		};
		AD835060204C7CDA00949878 /* Release */ = {
			isa = XCBuildConfiguration;
			buildSettings = {
				ASSETCATALOG_COMPILER_APPICON_NAME = AppIcon;
				CODE_SIGN_STYLE = Manual;
				DEVELOPMENT_TEAM = "";
				INFOPLIST_FILE = CoreMLDemo/Info.plist;
				IPHONEOS_DEPLOYMENT_TARGET = 11.0;
				LD_RUNPATH_SEARCH_PATHS = "$(inherited) @executable_path/Frameworks";
				PRODUCT_BUNDLE_IDENTIFIER = com.creativegames.CoreMLDemo;
				PRODUCT_NAME = "$(TARGET_NAME)";
				PROVISIONING_PROFILE_SPECIFIER = "";
				SWIFT_VERSION = 4.0;
				TARGETED_DEVICE_FAMILY = "1,2";
			};
			name = Release;
		};
/* End XCBuildConfiguration section */

/* Begin XCConfigurationList section */
		AD835047204C7CDA00949878 /* Build configuration list for PBXProject "CoreMLDemo" */ = {
			isa = XCConfigurationList;
			buildConfigurations = (
				AD83505C204C7CDA00949878 /* Debug */,
				AD83505D204C7CDA00949878 /* Release */,
			);
			defaultConfigurationIsVisible = 0;
			defaultConfigurationName = Release;
		};
		AD83505E204C7CDA00949878 /* Build configuration list for PBXNativeTarget "CoreMLDemo" */ = {
			isa = XCConfigurationList;
			buildConfigurations = (
				AD83505F204C7CDA00949878 /* Debug */,
				AD835060204C7CDA00949878 /* Release */,
			);
			defaultConfigurationIsVisible = 0;
			defaultConfigurationName = Release;
		};
/* End XCConfigurationList section */
	};
	rootObject = AD835044204C7CDA00949878 /* Project object */;
}
